
Microsoft Visual Studio Solution File, Format Version 12.00
# Visual Studio Version 17
VisualStudioVersion = 17.2.32616.157
MinimumVisualStudioVersion = 10.0.40219.1
Project("{FAE04EC0-301F-11D3-BF4B-00C04F79EFBC}") = "CarniceriaFinal", "CarniceriaFinal\CarniceriaFinal.csproj", "{4230A0BE-5BD2-446D-9EA5-422ED88621CE}"
EndProject
Global
	GlobalSection(SolutionConfigurationPlatforms) = preSolution
		Debug|Any CPU = Debug|Any CPU
		Release|Any CPU = Release|Any CPU
	EndGlobalSection
	GlobalSection(ProjectConfigurationPlatforms) = postSolution
		{4230A0BE-5BD2-446D-9EA5-422ED88621CE}.Debug|Any CPU.ActiveCfg = Debug|Any CPU
		{4230A0BE-5BD2-446D-9EA5-422ED88621CE}.Debug|Any CPU.Build.0 = Debug|Any CPU
		{4230A0BE-5BD2-446D-9EA5-422ED88621CE}.Release|Any CPU.ActiveCfg = Release|Any CPU
		{4230A0BE-5BD2-446D-9EA5-422ED88621CE}.Release|Any CPU.Build.0 = Release|Any CPU
	EndGlobalSection
	GlobalSection(SolutionProperties) = preSolution
		HideSolutionNode = FALSE
	EndGlobalSection
	GlobalSection(ExtensibilityGlobals) = postSolution
		SolutionGuid = {9A88F881-25E1-48C3-BC06-FDFB973B2054}
	EndGlobalSection
EndGlobal
